
Microsoft Visual Studio Solution File, Format Version 12.00
# Visual Studio Version 17
VisualStudioVersion = 17.11.35327.3
MinimumVisualStudioVersion = 10.0.40219.1
Project("{9A19103F-16F7-4668-BE54-9A1E7A4F7556}") = "MakersLoanSystem.Shared", "MakersLoanSystem.Shared\MakersLoanSystem.Shared.csproj", "{637AD659-FD33-4EFD-9869-C8ABE1D27ADA}"
EndProject
Project("{9A19103F-16F7-4668-BE54-9A1E7A4F7556}") = "MakersLoanSystem.Loan.API", "MakersLoanSystem.Loan.API\MakersLoanSystem.Loan.API.csproj", "{4E196D61-477A-4686-99E1-5485F8C490F9}"
EndProject
Project("{9A19103F-16F7-4668-BE54-9A1E7A4F7556}") = "MakersLoanSystem.User.API", "MakersLoanSystem.User.API\MakersLoanSystem.User.API.csproj", "{97E9425E-C3D0-4F73-9C0E-89620227065D}"
EndProject
Project("{9A19103F-16F7-4668-BE54-9A1E7A4F7556}") = "MakersLoanSystem.User.Tests", "MakersLoanSystem.User.Tests\MakersLoanSystem.User.Tests.csproj", "{AD4C6CD1-70B4-4697-B970-C29FBDDC0AF8}"
EndProject
Project("{FAE04EC0-301F-11D3-BF4B-00C04F79EFBC}") = "MakersLoanSystem.Loan.Tests", "MakersLoanSystem.Loan.Tests\MakersLoanSystem.Loan.Tests.csproj", "{A49C5F89-1B37-46A8-99EF-2FCF86DE6E7B}"
EndProject
Global
	GlobalSection(SolutionConfigurationPlatforms) = preSolution
		Debug|Any CPU = Debug|Any CPU
		Release|Any CPU = Release|Any CPU
	EndGlobalSection
	GlobalSection(ProjectConfigurationPlatforms) = postSolution
		{637AD659-FD33-4EFD-9869-C8ABE1D27ADA}.Debug|Any CPU.ActiveCfg = Debug|Any CPU
		{637AD659-FD33-4EFD-9869-C8ABE1D27ADA}.Debug|Any CPU.Build.0 = Debug|Any CPU
		{637AD659-FD33-4EFD-9869-C8ABE1D27ADA}.Release|Any CPU.ActiveCfg = Release|Any CPU
		{637AD659-FD33-4EFD-9869-C8ABE1D27ADA}.Release|Any CPU.Build.0 = Release|Any CPU
		{4E196D61-477A-4686-99E1-5485F8C490F9}.Debug|Any CPU.ActiveCfg = Debug|Any CPU
		{4E196D61-477A-4686-99E1-5485F8C490F9}.Debug|Any CPU.Build.0 = Debug|Any CPU
		{4E196D61-477A-4686-99E1-5485F8C490F9}.Release|Any CPU.ActiveCfg = Release|Any CPU
		{4E196D61-477A-4686-99E1-5485F8C490F9}.Release|Any CPU.Build.0 = Release|Any CPU
		{97E9425E-C3D0-4F73-9C0E-89620227065D}.Debug|Any CPU.ActiveCfg = Debug|Any CPU
		{97E9425E-C3D0-4F73-9C0E-89620227065D}.Debug|Any CPU.Build.0 = Debug|Any CPU
		{97E9425E-C3D0-4F73-9C0E-89620227065D}.Release|Any CPU.ActiveCfg = Release|Any CPU
		{97E9425E-C3D0-4F73-9C0E-89620227065D}.Release|Any CPU.Build.0 = Release|Any CPU
		{AD4C6CD1-70B4-4697-B970-C29FBDDC0AF8}.Debug|Any CPU.ActiveCfg = Debug|Any CPU
		{AD4C6CD1-70B4-4697-B970-C29FBDDC0AF8}.Debug|Any CPU.Build.0 = Debug|Any CPU
		{AD4C6CD1-70B4-4697-B970-C29FBDDC0AF8}.Release|Any CPU.ActiveCfg = Release|Any CPU
		{AD4C6CD1-70B4-4697-B970-C29FBDDC0AF8}.Release|Any CPU.Build.0 = Release|Any CPU
		{A49C5F89-1B37-46A8-99EF-2FCF86DE6E7B}.Debug|Any CPU.ActiveCfg = Debug|Any CPU
		{A49C5F89-1B37-46A8-99EF-2FCF86DE6E7B}.Debug|Any CPU.Build.0 = Debug|Any CPU
		{A49C5F89-1B37-46A8-99EF-2FCF86DE6E7B}.Release|Any CPU.ActiveCfg = Release|Any CPU
		{A49C5F89-1B37-46A8-99EF-2FCF86DE6E7B}.Release|Any CPU.Build.0 = Release|Any CPU
	EndGlobalSection
	GlobalSection(SolutionProperties) = preSolution
		HideSolutionNode = FALSE
	EndGlobalSection
	GlobalSection(ExtensibilityGlobals) = postSolution
		SolutionGuid = {89DD8417-BEDD-45F4-890A-E2868681602B}
	EndGlobalSection
EndGlobal
